
Microsoft Visual Studio Solution File, Format Version 12.00
# Visual Studio Version 17
VisualStudioVersion = 17.5.33530.505
MinimumVisualStudioVersion = 10.0.40219.1
Project("{FAE04EC0-301F-11D3-BF4B-00C04F79EFBC}") = "IdenDemo", "IdenDemo\IdenDemo.csproj", "{D9DC97A6-FCC6-4EE8-A7A3-1A41E29DFC1F}"
EndProject
Global
	GlobalSection(SolutionConfigurationPlatforms) = preSolution
		Debug|Any CPU = Debug|Any CPU
		Release|Any CPU = Release|Any CPU
	EndGlobalSection
	GlobalSection(ProjectConfigurationPlatforms) = postSolution
		{D9DC97A6-FCC6-4EE8-A7A3-1A41E29DFC1F}.Debug|Any CPU.ActiveCfg = Debug|Any CPU
		{D9DC97A6-FCC6-4EE8-A7A3-1A41E29DFC1F}.Debug|Any CPU.Build.0 = Debug|Any CPU
		{D9DC97A6-FCC6-4EE8-A7A3-1A41E29DFC1F}.Release|Any CPU.ActiveCfg = Release|Any CPU
		{D9DC97A6-FCC6-4EE8-A7A3-1A41E29DFC1F}.Release|Any CPU.Build.0 = Release|Any CPU
	EndGlobalSection
	GlobalSection(SolutionProperties) = preSolution
		HideSolutionNode = FALSE
	EndGlobalSection
	GlobalSection(ExtensibilityGlobals) = postSolution
		SolutionGuid = {E0E4A15D-1398-49D6-9845-DE38ADFE2191}
	EndGlobalSection
EndGlobal
